
Microsoft Visual Studio Solution File, Format Version 12.00
# Visual Studio Version 17
VisualStudioVersion = 17.11.35222.181
MinimumVisualStudioVersion = 10.0.40219.1
Project("{FAE04EC0-301F-11D3-BF4B-00C04F79EFBC}") = "Program2", "Program2\Program2.csproj", "{C21DB592-0AEB-43FC-90F7-E51B0F619FB1}"
EndProject
Global
	GlobalSection(SolutionConfigurationPlatforms) = preSolution
		Debug|Any CPU = Debug|Any CPU
		Release|Any CPU = Release|Any CPU
	EndGlobalSection
	GlobalSection(ProjectConfigurationPlatforms) = postSolution
		{C21DB592-0AEB-43FC-90F7-E51B0F619FB1}.Debug|Any CPU.ActiveCfg = Debug|Any CPU
		{C21DB592-0AEB-43FC-90F7-E51B0F619FB1}.Debug|Any CPU.Build.0 = Debug|Any CPU
		{C21DB592-0AEB-43FC-90F7-E51B0F619FB1}.Release|Any CPU.ActiveCfg = Release|Any CPU
		{C21DB592-0AEB-43FC-90F7-E51B0F619FB1}.Release|Any CPU.Build.0 = Release|Any CPU
	EndGlobalSection
	GlobalSection(SolutionProperties) = preSolution
		HideSolutionNode = FALSE
	EndGlobalSection
	GlobalSection(ExtensibilityGlobals) = postSolution
		SolutionGuid = {F32E2C07-15C3-4DB9-9EEF-882096EF9CE7}
	EndGlobalSection
EndGlobal
